
Microsoft Visual Studio Solution File, Format Version 12.00
# Visual Studio Version 16
VisualStudioVersion = 16.0.30204.135
MinimumVisualStudioVersion = 10.0.40219.1
Project("{8BC9CEB8-8B4A-11D0-8D11-00A0C91BC942}") = "ASCII_Dungeon", "ASCII_Dungeon.vcxproj", "{0CAE9335-17ED-47B2-BC6B-95C838DC8C46}"
EndProject
Global
	GlobalSection(SolutionConfigurationPlatforms) = preSolution
		Debug|x64 = Debug|x64
		Debug|x86 = Debug|x86
		Release|x64 = Release|x64
		Release|x86 = Release|x86
	EndGlobalSection
	GlobalSection(ProjectConfigurationPlatforms) = postSolution
		{0CAE9335-17ED-47B2-BC6B-95C838DC8C46}.Debug|x64.ActiveCfg = Debug|x64
		{0CAE9335-17ED-47B2-BC6B-95C838DC8C46}.Debug|x64.Build.0 = Debug|x64
		{0CAE9335-17ED-47B2-BC6B-95C838DC8C46}.Debug|x86.ActiveCfg = Debug|Win32
		{0CAE9335-17ED-47B2-BC6B-95C838DC8C46}.Debug|x86.Build.0 = Debug|Win32
		{0CAE9335-17ED-47B2-BC6B-95C838DC8C46}.Release|x64.ActiveCfg = Release|x64
		{0CAE9335-17ED-47B2-BC6B-95C838DC8C46}.Release|x64.Build.0 = Release|x64
		{0CAE9335-17ED-47B2-BC6B-95C838DC8C46}.Release|x86.ActiveCfg = Release|Win32
		{0CAE9335-17ED-47B2-BC6B-95C838DC8C46}.Release|x86.Build.0 = Release|Win32
	EndGlobalSection
	GlobalSection(SolutionProperties) = preSolution
		HideSolutionNode = FALSE
	EndGlobalSection
	GlobalSection(ExtensibilityGlobals) = postSolution
		SolutionGuid = {FB164AE5-E4B9-4342-8C5D-474AE6C003F6}
	EndGlobalSection
EndGlobal
